<?xml version="1.0" encoding="utf-8"?>
<Project ToolsVersion="4.0" xmlns="http://schemas.microsoft.com/developer/msbuild/2003">
  <ItemGroup>
    <Filter Include="ソース ファイル">
      <UniqueIdentifier>{4FC737F1-C7A5-4376-A066-2A32D752A2FF}</UniqueIdentifier>
      <Extensions>cpp;c;cc;cxx;c++;cppm;ixx;def;odl;idl;hpj;bat;asm;asmx</Extensions>
    </Filter>
    <Filter Include="ヘッダー ファイル">
      <UniqueIdentifier>{93995380-89BD-4b04-88EB-625FBE52EBFB}</UniqueIdentifier>
      <Extensions>h;hh;hpp;hxx;h++;hm;inl;inc;ipp;xsd</Extensions>
    </Filter>
    <Filter Include="リソース ファイル">
      <UniqueIdentifier>{67DA6AB6-F800-4c08-8B7A-83BB121AAD01}</UniqueIdentifier>
      <Extensions>rc;ico;cur;bmp;dlg;rc2;rct;bin;rgs;gif;jpg;jpeg;jpe;resx;tiff;tif;png;wav;mfcribbon-ms</Extensions>
    </Filter>
    <Filter Include="ソース ファイル\Entry">
      <UniqueIdentifier>{f2d9cc24-ad9e-4a88-9ada-be210e9a81cd}</UniqueIdentifier>
    </Filter>
    <Filter Include="ヘッダー ファイル\Applicaton">
      <UniqueIdentifier>{792a78cd-840b-4506-ba13-3bd21a4f599f}</UniqueIdentifier>
    </Filter>
    <Filter Include="ヘッダー ファイル\HandyItems">
      <UniqueIdentifier>{1e954408-ce0f-422d-aa3a-427a41539734}</UniqueIdentifier>
    </Filter>
    <Filter Include="ヘッダー ファイル\HandyItems\Others">
      <UniqueIdentifier>{cf29659a-73f2-4c4b-812e-b0525f2cd2cd}</UniqueIdentifier>
    </Filter>
    <Filter Include="ヘッダー ファイル\HandyItems\Math">
      <UniqueIdentifier>{5643a04b-c872-460a-8d2e-21f2155bda7d}</UniqueIdentifier>
    </Filter>
    <Filter Include="ヘッダー ファイル\HandyItems\Math\BaseStruct">
      <UniqueIdentifier>{14392ca2-a86d-49eb-adbd-2579cf36ca64}</UniqueIdentifier>
    </Filter>
    <Filter Include="ヘッダー ファイル\HandyItems\Math\Function">
      <UniqueIdentifier>{5cccf911-4dd0-48e2-a4bc-f98f686098c0}</UniqueIdentifier>
    </Filter>
    <Filter Include="ヘッダー ファイル\HandyItems\Key">
      <UniqueIdentifier>{68e5d376-e255-43c6-a087-774515f14b11}</UniqueIdentifier>
    </Filter>
    <Filter Include="ヘッダー ファイル\HandyItems\ID">
      <UniqueIdentifier>{a76bb030-140f-4e8e-bf67-274e7dcbeab7}</UniqueIdentifier>
    </Filter>
    <Filter Include="ヘッダー ファイル\HandyItems\Enum">
      <UniqueIdentifier>{5c37f87c-5ef5-4161-9aff-997c1c5f28ab}</UniqueIdentifier>
    </Filter>
    <Filter Include="ヘッダー ファイル\HandyItems\Bit">
      <UniqueIdentifier>{94eeaede-e7f7-481e-8f57-de949b709555}</UniqueIdentifier>
    </Filter>
    <Filter Include="ヘッダー ファイル\HandyItems\Debug">
      <UniqueIdentifier>{dbf7d7c8-cc34-4aa6-9618-0d44585f11fc}</UniqueIdentifier>
    </Filter>
    <Filter Include="ヘッダー ファイル\HandyItems\Container">
      <UniqueIdentifier>{8bce5276-2b30-4e32-83f6-3131217de00b}</UniqueIdentifier>
    </Filter>
    <Filter Include="ソース ファイル\Application">
      <UniqueIdentifier>{5a009834-2cdd-44aa-97e3-900ec9849b14}</UniqueIdentifier>
    </Filter>
    <Filter Include="ヘッダー ファイル\Windows">
      <UniqueIdentifier>{9b26dae6-34a6-441a-ba8e-35be97df3ec7}</UniqueIdentifier>
    </Filter>
    <Filter Include="ソース ファイル\Windows">
      <UniqueIdentifier>{19a38bc5-250a-47fe-a5ce-166ae8bf96fd}</UniqueIdentifier>
    </Filter>
    <Filter Include="ヘッダー ファイル\HandyItems\Input">
      <UniqueIdentifier>{c3e134bf-0991-4d90-8d3a-46f01812f19a}</UniqueIdentifier>
    </Filter>
    <Filter Include="ヘッダー ファイル\HandyItems\DataShare">
      <UniqueIdentifier>{ecb00a58-f9ca-4dfb-82d9-f645ab191d46}</UniqueIdentifier>
    </Filter>
    <Filter Include="ヘッダー ファイル\HandyItems\Tuple">
      <UniqueIdentifier>{6cac336e-f1f2-4af7-a273-9a348f57b8cd}</UniqueIdentifier>
    </Filter>
    <Filter Include="ソース ファイル\HandyItems">
      <UniqueIdentifier>{0161377c-1c77-48aa-ac1c-643fb0f863df}</UniqueIdentifier>
    </Filter>
    <Filter Include="ソース ファイル\HandyItems\Debug">
      <UniqueIdentifier>{a0383f87-67a2-4a08-aeb5-8a23549b3549}</UniqueIdentifier>
    </Filter>
    <Filter Include="ヘッダー ファイル\DirectX">
      <UniqueIdentifier>{35a81dd1-d34b-4bfd-8462-7151688423b2}</UniqueIdentifier>
    </Filter>
    <Filter Include="ソース ファイル\DirectX">
      <UniqueIdentifier>{facff6d5-64f7-474b-91af-cef040449cfe}</UniqueIdentifier>
    </Filter>
    <Filter Include="ヘッダー ファイル\DirectX\Initializer">
      <UniqueIdentifier>{8956044c-3186-41b8-bb2f-a8f2205ee7a2}</UniqueIdentifier>
    </Filter>
    <Filter Include="ヘッダー ファイル\DirectX\ClassObject">
      <UniqueIdentifier>{ff90d1ed-4184-4a5d-82d0-b8eba393c8ec}</UniqueIdentifier>
    </Filter>
    <Filter Include="ソース ファイル\DirectX\ClassObject">
      <UniqueIdentifier>{30ff92fb-8611-4dd1-92f5-5c64b7c1f771}</UniqueIdentifier>
    </Filter>
    <Filter Include="ソース ファイル\DirectX\Initializer">
      <UniqueIdentifier>{ce880941-32ec-4f12-a7de-8ae674bfbf15}</UniqueIdentifier>
    </Filter>
    <Filter Include="ヘッダー ファイル\DirectX\ClassObject\GPUResource">
      <UniqueIdentifier>{12dec8c0-573b-4618-b211-a1c1b54073d2}</UniqueIdentifier>
    </Filter>
    <Filter Include="ヘッダー ファイル\DirectX\ClassObject\GPUResource\RenderTarget">
      <UniqueIdentifier>{860a0b53-ddc4-4a37-80ec-89adb4a6d00b}</UniqueIdentifier>
    </Filter>
    <Filter Include="ヘッダー ファイル\DirectX\ClassModule">
      <UniqueIdentifier>{00f30a17-773e-49a3-b47f-be213ef5b190}</UniqueIdentifier>
    </Filter>
    <Filter Include="ヘッダー ファイル\DirectX\Container">
      <UniqueIdentifier>{f508d1a4-6236-4d4d-953f-bbd69bed9699}</UniqueIdentifier>
    </Filter>
  </ItemGroup>
  <ItemGroup>
    <ClCompile Include="..\Entry\Entry.cpp">
      <Filter>ソース ファイル\Entry</Filter>
    </ClCompile>
    <ClCompile Include="..\Application\Application.cpp">
      <Filter>ソース ファイル\Application</Filter>
    </ClCompile>
    <ClCompile Include="..\Windows\Window.cpp">
      <Filter>ソース ファイル\Windows</Filter>
    </ClCompile>
    <ClCompile Include="..\HandyItems\Debug\DebugLogOutPut.cpp">
      <Filter>ソース ファイル\HandyItems\Debug</Filter>
    </ClCompile>
    <ClCompile Include="..\HandyItems\Debug\DebugLogSystem.cpp">
      <Filter>ソース ファイル\HandyItems\Debug</Filter>
    </ClCompile>
    <ClCompile Include="..\DirectX\DirectXRenderer.cpp">
      <Filter>ソース ファイル\DirectX</Filter>
    </ClCompile>
    <ClCompile Include="..\DirectX\DirectXInitializer.cpp">
      <Filter>ソース ファイル\DirectX</Filter>
    </ClCompile>
    <ClCompile Include="..\DirectX\ClassObject\DXGI.cpp">
      <Filter>ソース ファイル\DirectX\ClassObject</Filter>
    </ClCompile>
    <ClCompile Include="..\DirectX\ClassObject\Device.cpp">
      <Filter>ソース ファイル\DirectX\ClassObject</Filter>
    </ClCompile>
    <ClCompile Include="..\DirectX\Initializer\InitializeCore.cpp">
      <Filter>ソース ファイル\DirectX\Initializer</Filter>
    </ClCompile>
    <ClCompile Include="..\DirectX\DirectXUpdater.cpp">
      <Filter>ソース ファイル\DirectX</Filter>
    </ClCompile>
    <ClCompile Include="..\DirectX\DirectXContext.cpp">
      <Filter>ソース ファイル</Filter>
    </ClCompile>
  </ItemGroup>
  <ItemGroup>
    <ClInclude Include="..\Application\Application.h">
      <Filter>ヘッダー ファイル\Applicaton</Filter>
    </ClInclude>
    <ClInclude Include="..\HandyItems\Others\CircularIndex.h">
      <Filter>ヘッダー ファイル\HandyItems\Others</Filter>
    </ClInclude>
    <ClInclude Include="..\HandyItems\Others\NonCopyableBase.h">
      <Filter>ヘッダー ファイル\HandyItems\Others</Filter>
    </ClInclude>
    <ClInclude Include="..\HandyItems\Others\UniquePtr.h">
      <Filter>ヘッダー ファイル\HandyItems\Others</Filter>
    </ClInclude>
    <ClInclude Include="..\HandyItems\Math\BaseStruct\Float2.h">
      <Filter>ヘッダー ファイル\HandyItems\Math\BaseStruct</Filter>
    </ClInclude>
    <ClInclude Include="..\HandyItems\Math\BaseStruct\Float3.h">
      <Filter>ヘッダー ファイル\HandyItems\Math\BaseStruct</Filter>
    </ClInclude>
    <ClInclude Include="..\HandyItems\Math\BaseStruct\Float4.h">
      <Filter>ヘッダー ファイル\HandyItems\Math\BaseStruct</Filter>
    </ClInclude>
    <ClInclude Include="..\HandyItems\Math\BaseStruct\Matrix.h">
      <Filter>ヘッダー ファイル\HandyItems\Math\BaseStruct</Filter>
    </ClInclude>
    <ClInclude Include="..\HandyItems\Math\BaseStruct\Quaternion.h">
      <Filter>ヘッダー ファイル\HandyItems\Math\BaseStruct</Filter>
    </ClInclude>
    <ClInclude Include="..\HandyItems\Math\BaseStruct\Transform.h">
      <Filter>ヘッダー ファイル\HandyItems\Math\BaseStruct</Filter>
    </ClInclude>
    <ClInclude Include="..\HandyItems\Math\Function\MathF.h">
      <Filter>ヘッダー ファイル\HandyItems\Math\Function</Filter>
    </ClInclude>
    <ClInclude Include="..\HandyItems\Math\Function\MathFFloat2.h">
      <Filter>ヘッダー ファイル\HandyItems\Math\Function</Filter>
    </ClInclude>
    <ClInclude Include="..\HandyItems\Math\Function\MathFFloat3.h">
      <Filter>ヘッダー ファイル\HandyItems\Math\Function</Filter>
    </ClInclude>
    <ClInclude Include="..\HandyItems\Math\Function\MathFFloat4.h">
      <Filter>ヘッダー ファイル\HandyItems\Math\Function</Filter>
    </ClInclude>
    <ClInclude Include="..\HandyItems\Math\Function\MathFMatrix.h">
      <Filter>ヘッダー ファイル\HandyItems\Math\Function</Filter>
    </ClInclude>
    <ClInclude Include="..\HandyItems\Math\Function\MathFQuaternion.h">
      <Filter>ヘッダー ファイル\HandyItems\Math\Function</Filter>
    </ClInclude>
    <ClInclude Include="..\HandyItems\Key\FeistelKeyConverter.h">
      <Filter>ヘッダー ファイル\HandyItems\Key</Filter>
    </ClInclude>
    <ClInclude Include="..\HandyItems\Key\KeyConverterBase.h">
      <Filter>ヘッダー ファイル\HandyItems\Key</Filter>
    </ClInclude>
    <ClInclude Include="..\HandyItems\ID\IDBase.h">
      <Filter>ヘッダー ファイル\HandyItems\ID</Filter>
    </ClInclude>
    <ClInclude Include="..\HandyItems\Enum\EnumArray.h">
      <Filter>ヘッダー ファイル\HandyItems\Enum</Filter>
    </ClInclude>
    <ClInclude Include="..\HandyItems\Enum\EnumToIndex.h">
      <Filter>ヘッダー ファイル\HandyItems\Enum</Filter>
    </ClInclude>
    <ClInclude Include="..\HandyItems\Bit\BitFlag.h">
      <Filter>ヘッダー ファイル\HandyItems\Bit</Filter>
    </ClInclude>
    <ClInclude Include="..\HandyItems\Debug\DebugLogBuilder.h">
      <Filter>ヘッダー ファイル\HandyItems\Debug</Filter>
    </ClInclude>
    <ClInclude Include="..\HandyItems\Debug\DebugLogOutPut.h">
      <Filter>ヘッダー ファイル\HandyItems\Debug</Filter>
    </ClInclude>
    <ClInclude Include="..\HandyItems\Debug\DebugLogSystem.h">
      <Filter>ヘッダー ファイル\HandyItems\Debug</Filter>
    </ClInclude>
    <ClInclude Include="..\HandyItems\Debug\DebugLogThread.h">
      <Filter>ヘッダー ファイル\HandyItems\Debug</Filter>
    </ClInclude>
    <ClInclude Include="..\HandyItems\Debug\LogObject.h">
      <Filter>ヘッダー ファイル\HandyItems\Debug</Filter>
    </ClInclude>
    <ClInclude Include="..\HandyItems\Container\KeyMap.h">
      <Filter>ヘッダー ファイル\HandyItems\Container</Filter>
    </ClInclude>
    <ClInclude Include="..\HandyItems\Container\KeyMapBase.h">
      <Filter>ヘッダー ファイル\HandyItems\Container</Filter>
    </ClInclude>
    <ClInclude Include="..\HandyItems\Container\ReferenceContainerBase.h">
      <Filter>ヘッダー ファイル\HandyItems\Container</Filter>
    </ClInclude>
    <ClInclude Include="..\HandyItems\Container\ReferenceQueue.h">
      <Filter>ヘッダー ファイル\HandyItems\Container</Filter>
    </ClInclude>
    <ClInclude Include="..\HandyItems\Container\UniqueptrKeyMap.h">
      <Filter>ヘッダー ファイル\HandyItems\Container</Filter>
    </ClInclude>
    <ClInclude Include="..\HandyItems\Container\UnorderedMapBase.h">
      <Filter>ヘッダー ファイル\HandyItems\Container</Filter>
    </ClInclude>
    <ClInclude Include="..\Windows\Window.h">
      <Filter>ヘッダー ファイル\Windows</Filter>
    </ClInclude>
    <ClInclude Include="..\HandyItems\Input\InputEnum.h">
      <Filter>ヘッダー ファイル\HandyItems\Input</Filter>
    </ClInclude>
    <ClInclude Include="..\HandyItems\Input\InputFrame.h">
      <Filter>ヘッダー ファイル\HandyItems\Input</Filter>
    </ClInclude>
    <ClInclude Include="..\HandyItems\Input\InputState.h">
      <Filter>ヘッダー ファイル\HandyItems\Input</Filter>
    </ClInclude>
    <ClInclude Include="..\HandyItems\Input\InputStateManager.h">
      <Filter>ヘッダー ファイル\HandyItems\Input</Filter>
    </ClInclude>
    <ClInclude Include="..\HandyItems\DataShare\DataShare.h">
      <Filter>ヘッダー ファイル\HandyItems\DataShare</Filter>
    </ClInclude>
    <ClInclude Include="..\HandyItems\Container\ReferenceVector.h">
      <Filter>ヘッダー ファイル\HandyItems\Container</Filter>
    </ClInclude>
    <ClInclude Include="..\Application\ApplicationDataShare.h">
      <Filter>ヘッダー ファイル\Applicaton</Filter>
    </ClInclude>
    <ClInclude Include="..\HandyItems\Tuple\TupleBase.h">
      <Filter>ヘッダー ファイル\HandyItems\Tuple</Filter>
    </ClInclude>
    <ClInclude Include="..\DirectX\DirectXRenderer.h">
      <Filter>ヘッダー ファイル\DirectX</Filter>
    </ClInclude>
    <ClInclude Include="..\DirectX\DirectXContext.h">
      <Filter>ヘッダー ファイル\DirectX</Filter>
    </ClInclude>
    <ClInclude Include="..\DirectX\DirectXInitializer.h">
      <Filter>ヘッダー ファイル\DirectX</Filter>
    </ClInclude>
    <ClInclude Include="..\DirectX\ClassObject\DXGI.h">
      <Filter>ヘッダー ファイル\DirectX\ClassObject</Filter>
    </ClInclude>
    <ClInclude Include="..\DirectX\Initializer\InitializeCore.h">
      <Filter>ヘッダー ファイル\DirectX\Initializer</Filter>
    </ClInclude>
    <ClInclude Include="..\HandyItems\Debug\HRESULTToString.h">
      <Filter>ヘッダー ファイル\HandyItems\Debug</Filter>
    </ClInclude>
    <ClInclude Include="..\DirectX\ClassObject\Device.h">
      <Filter>ヘッダー ファイル\DirectX\ClassObject</Filter>
    </ClInclude>
    <ClInclude Include="..\DirectX\ClassObject\CommandQueue.h">
      <Filter>ヘッダー ファイル\DirectX\ClassObject</Filter>
    </ClInclude>
    <ClInclude Include="..\DirectX\ClassObject\CommandAllocator.h">
      <Filter>ヘッダー ファイル\DirectX\ClassObject</Filter>
    </ClInclude>
    <ClInclude Include="..\DirectX\ClassObject\CommandList.h">
      <Filter>ヘッダー ファイル\DirectX\ClassObject</Filter>
    </ClInclude>
    <ClInclude Include="..\DirectX\ClassObject\GPUResource\ResourceBarrier.h">
      <Filter>ヘッダー ファイル\DirectX\ClassObject\GPUResource</Filter>
    </ClInclude>
    <ClInclude Include="..\DirectX\ClassObject\GPUResource\GPUResourceBase.h">
      <Filter>ヘッダー ファイル\DirectX\ClassObject\GPUResource</Filter>
    </ClInclude>
    <ClInclude Include="..\DirectX\ClassObject\GPUResource\RenderTarget.h">
      <Filter>ヘッダー ファイル\DirectX\ClassObject\GPUResource</Filter>
    </ClInclude>
    <ClInclude Include="..\DirectX\ClassObject\GPUResource\RenderTarget\BackBuffer.h">
      <Filter>ヘッダー ファイル\DirectX\ClassObject\GPUResource\RenderTarget</Filter>
    </ClInclude>
    <ClInclude Include="..\DirectX\ClassObject\DescriptorHeap.h">
      <Filter>ヘッダー ファイル\DirectX\ClassObject</Filter>
    </ClInclude>
    <ClInclude Include="..\DirectX\ClassObject\SwapChain.h">
      <Filter>ヘッダー ファイル\DirectX\ClassObject</Filter>
    </ClInclude>
    <ClInclude Include="..\DirectX\ClassObject\Fence.h">
      <Filter>ヘッダー ファイル\DirectX\ClassObject</Filter>
    </ClInclude>
    <ClInclude Include="..\DirectX\ClassModule\FrameResource.h">
      <Filter>ヘッダー ファイル\DirectX\ClassModule</Filter>
    </ClInclude>
    <ClInclude Include="..\DirectX\DirectXUpdater.h">
      <Filter>ヘッダー ファイル\DirectX</Filter>
    </ClInclude>
    <ClInclude Include="..\DirectX\DirectXEnder.h">
      <Filter>ヘッダー ファイル\DirectX</Filter>
    </ClInclude>
    <ClInclude Include="..\DirectX\ClassModule\FrameContext.h">
      <Filter>ヘッダー ファイル\DirectX\ClassModule</Filter>
    </ClInclude>
    <ClInclude Include="..\DirectX\ClassModule\PassBase.h">
      <Filter>ヘッダー ファイル\DirectX\ClassModule</Filter>
    </ClInclude>
    <ClInclude Include="..\DirectX\ClassModule\CommandPass.h">
      <Filter>ヘッダー ファイル\DirectX\ClassModule</Filter>
    </ClInclude>
    <ClInclude Include="..\DirectX\Container\PassContainer.h">
      <Filter>ヘッダー ファイル\DirectX\Container</Filter>
    </ClInclude>
    <ClInclude Include="..\DirectX\Initializer\InitializePass.h">
      <Filter>ヘッダー ファイル\DirectX\Initializer</Filter>
    </ClInclude>
  </ItemGroup>
</Project>