<?xml version="1.0" encoding="utf-8"?>
<Project ToolsVersion="4.0" xmlns="http://schemas.microsoft.com/developer/msbuild/2003">
  <ItemGroup>
    <Filter Include="ソース ファイル">
      <UniqueIdentifier>{4FC737F1-C7A5-4376-A066-2A32D752A2FF}</UniqueIdentifier>
      <Extensions>cpp;c;cc;cxx;c++;cppm;ixx;def;odl;idl;hpj;bat;asm;asmx</Extensions>
    </Filter>
    <Filter Include="ヘッダー ファイル">
      <UniqueIdentifier>{93995380-89BD-4b04-88EB-625FBE52EBFB}</UniqueIdentifier>
      <Extensions>h;hh;hpp;hxx;h++;hm;inl;inc;ipp;xsd</Extensions>
    </Filter>
    <Filter Include="リソース ファイル">
      <UniqueIdentifier>{67DA6AB6-F800-4c08-8B7A-83BB121AAD01}</UniqueIdentifier>
      <Extensions>rc;ico;cur;bmp;dlg;rc2;rct;bin;rgs;gif;jpg;jpeg;jpe;resx;tiff;tif;png;wav;mfcribbon-ms</Extensions>
    </Filter>
    <Filter Include="Application">
      <UniqueIdentifier>{e2268b24-82b0-425d-8cb3-f1ad75b01d81}</UniqueIdentifier>
    </Filter>
    <Filter Include="DebugLog">
      <UniqueIdentifier>{6485e56b-3af6-4890-af61-8443174f4b02}</UniqueIdentifier>
    </Filter>
    <Filter Include="windowInterface">
      <UniqueIdentifier>{27fab812-8011-4dee-83ff-66186470dde3}</UniqueIdentifier>
    </Filter>
    <Filter Include="RendererInterface">
      <UniqueIdentifier>{e62f3618-6520-4ca2-86d1-f20e9abdcf45}</UniqueIdentifier>
    </Filter>
    <Filter Include="RendererInterface\DirectX">
      <UniqueIdentifier>{15174017-2f55-491f-96d8-8e6b0f53ec4a}</UniqueIdentifier>
    </Filter>
    <Filter Include="RendererInterface\DirectX\AddFile">
      <UniqueIdentifier>{189f1d84-60f3-41cf-a494-9f152b0fc05b}</UniqueIdentifier>
    </Filter>
    <Filter Include="RendererInterface\DirectX\DirectXobject">
      <UniqueIdentifier>{65a80dd4-a1ab-4888-926b-1b91c14a2e49}</UniqueIdentifier>
    </Filter>
    <Filter Include="RendererInterface\HLSLshader">
      <UniqueIdentifier>{d28c53d0-d828-4403-a689-5daf9a29b16c}</UniqueIdentifier>
    </Filter>
    <Filter Include="RendererInterface\DirectX\Container">
      <UniqueIdentifier>{b3e3bd7a-e014-4e1e-96ef-9b9999efa98b}</UniqueIdentifier>
    </Filter>
    <Filter Include="RendererInterface\DirectX\Factory&amp;Builder&amp;Helper">
      <UniqueIdentifier>{e9b569a0-7f8c-4c69-a9a8-962e42980867}</UniqueIdentifier>
    </Filter>
  </ItemGroup>
  <ItemGroup>
    <ClCompile Include="..\Application\EntryPoint.cpp">
      <Filter>Application</Filter>
    </ClCompile>
    <ClCompile Include="..\Debug\DebugLogBuilder.cpp">
      <Filter>DebugLog</Filter>
    </ClCompile>
    <ClCompile Include="..\Debug\DebugLogOutPut.cpp">
      <Filter>DebugLog</Filter>
    </ClCompile>
    <ClCompile Include="..\Debug\DebugLogSystem.cpp">
      <Filter>DebugLog</Filter>
    </ClCompile>
    <ClCompile Include="..\Debug\DebugLogThread.cpp">
      <Filter>DebugLog</Filter>
    </ClCompile>
    <ClCompile Include="..\Application\Application.cpp">
      <Filter>Application</Filter>
    </ClCompile>
    <ClCompile Include="..\windowInterface\windowFactory.cpp">
      <Filter>windowInterface</Filter>
    </ClCompile>
    <ClCompile Include="..\windowInterface\WindowsWindow.cpp">
      <Filter>windowInterface</Filter>
    </ClCompile>
    <ClCompile Include="..\RendererInterface\DirectXRenderer.cpp">
      <Filter>RendererInterface</Filter>
    </ClCompile>
    <ClCompile Include="..\RendererInterface\RendererFactory.cpp">
      <Filter>RendererInterface</Filter>
    </ClCompile>
    <ClCompile Include="..\RendererInterface\DirectX\DirectXobject\CommandAllocator.cpp">
      <Filter>RendererInterface\DirectX\DirectXobject</Filter>
    </ClCompile>
    <ClCompile Include="..\RendererInterface\DirectX\DirectXobject\GraphicsCommandList.cpp">
      <Filter>RendererInterface\DirectX\DirectXobject</Filter>
    </ClCompile>
    <ClCompile Include="..\RendererInterface\DirectX\DirectXobject\CommandQueue.cpp">
      <Filter>RendererInterface\DirectX\DirectXobject</Filter>
    </ClCompile>
    <ClCompile Include="..\RendererInterface\DirectX\DirectXobject\DescriptorHeap.cpp">
      <Filter>RendererInterface\DirectX\DirectXobject</Filter>
    </ClCompile>
    <ClCompile Include="..\RendererInterface\DirectX\DirectXobject\Device.cpp">
      <Filter>RendererInterface\DirectX\DirectXobject</Filter>
    </ClCompile>
    <ClCompile Include="..\RendererInterface\DirectX\DirectXobject\DXGI.cpp">
      <Filter>RendererInterface\DirectX\DirectXobject</Filter>
    </ClCompile>
    <ClCompile Include="..\RendererInterface\DirectX\DirectXobject\Fence.cpp">
      <Filter>RendererInterface\DirectX\DirectXobject</Filter>
    </ClCompile>
    <ClCompile Include="..\RendererInterface\DirectX\DirectXobject\RenderTarget.cpp">
      <Filter>RendererInterface\DirectX\DirectXobject</Filter>
    </ClCompile>
    <ClCompile Include="..\RendererInterface\DirectX\DirectXobject\SwapChain.cpp">
      <Filter>RendererInterface\DirectX\DirectXobject</Filter>
    </ClCompile>
    <ClCompile Include="..\RendererInterface\DirectX\FrameResource.cpp">
      <Filter>RendererInterface\DirectX</Filter>
    </ClCompile>
    <ClCompile Include="..\RendererInterface\DirectX\DirectXobject\ShaderCompiler.cpp">
      <Filter>RendererInterface\DirectX\DirectXobject</Filter>
    </ClCompile>
    <ClCompile Include="..\RendererInterface\DirectX\DirectXobject\RootSignature.cpp">
      <Filter>RendererInterface\DirectX\DirectXobject</Filter>
    </ClCompile>
    <ClCompile Include="..\RendererInterface\DirectX\DirectXobject\PiplineState.cpp">
      <Filter>RendererInterface\DirectX\DirectXobject</Filter>
    </ClCompile>
    <ClCompile Include="..\RendererInterface\DirectX\HashAllocator.cpp">
      <Filter>RendererInterface\DirectX</Filter>
    </ClCompile>
    <ClCompile Include="..\RendererInterface\DirectX\DirectXobject\Mesh.cpp">
      <Filter>RendererInterface\DirectX\DirectXobject</Filter>
    </ClCompile>
    <ClCompile Include="..\RendererInterface\DirectX\Container\StaticHeapContainer.cpp">
      <Filter>RendererInterface\DirectX\Container</Filter>
    </ClCompile>
    <ClCompile Include="..\RendererInterface\DirectX\Container\StaticPiplineStateContainer.cpp">
      <Filter>RendererInterface\DirectX\Container</Filter>
    </ClCompile>
    <ClCompile Include="..\RendererInterface\DirectX\Container\StaticRootSignatureContainer.cpp">
      <Filter>RendererInterface\DirectX\Container</Filter>
    </ClCompile>
    <ClCompile Include="..\RendererInterface\DirectX\Container\StaticShaderContainer.cpp">
      <Filter>RendererInterface\DirectX\Container</Filter>
    </ClCompile>
    <ClCompile Include="..\RendererInterface\DirectX\Factory&amp;Builder&amp;Helper\CommandObjectFactory.cpp">
      <Filter>RendererInterface\DirectX\Factory&amp;Builder&amp;Helper</Filter>
    </ClCompile>
    <ClCompile Include="..\RendererInterface\DirectX\Factory&amp;Builder&amp;Helper\FrameResourceFactory.cpp">
      <Filter>RendererInterface\DirectX\Factory&amp;Builder&amp;Helper</Filter>
    </ClCompile>
    <ClCompile Include="..\RendererInterface\DirectX\Factory&amp;Builder&amp;Helper\PiplineStateHelper.cpp">
      <Filter>RendererInterface\DirectX\Factory&amp;Builder&amp;Helper</Filter>
    </ClCompile>
    <ClCompile Include="..\RendererInterface\DirectX\Factory&amp;Builder&amp;Helper\ResourceBarrierHelper.cpp">
      <Filter>RendererInterface\DirectX\Factory&amp;Builder&amp;Helper</Filter>
    </ClCompile>
    <ClCompile Include="..\RendererInterface\DirectX\Factory&amp;Builder&amp;Helper\RootSignatureDescBuilder.cpp">
      <Filter>RendererInterface\DirectX\Factory&amp;Builder&amp;Helper</Filter>
    </ClCompile>
    <ClCompile Include="..\RendererInterface\DirectX\DrawState.cpp">
      <Filter>RendererInterface\DirectX</Filter>
    </ClCompile>
    <ClCompile Include="..\RendererInterface\DirectX\DirectXobject\TextureResouce.cpp">
      <Filter>RendererInterface\DirectX\DirectXobject</Filter>
    </ClCompile>
  </ItemGroup>
  <ItemGroup>
    <ClInclude Include="..\Debug\DebugLogBuilder.h">
      <Filter>DebugLog</Filter>
    </ClInclude>
    <ClInclude Include="..\Debug\DebugLogOutPut.h">
      <Filter>DebugLog</Filter>
    </ClInclude>
    <ClInclude Include="..\Debug\DebugLogSystem.h">
      <Filter>DebugLog</Filter>
    </ClInclude>
    <ClInclude Include="..\Debug\DebugLogThread.h">
      <Filter>DebugLog</Filter>
    </ClInclude>
    <ClInclude Include="..\Debug\LogObject.h">
      <Filter>DebugLog</Filter>
    </ClInclude>
    <ClInclude Include="..\Application\Application.h">
      <Filter>Application</Filter>
    </ClInclude>
    <ClInclude Include="..\windowInterface\windowInterface.h">
      <Filter>windowInterface</Filter>
    </ClInclude>
    <ClInclude Include="..\windowInterface\windowFactory.h">
      <Filter>windowInterface</Filter>
    </ClInclude>
    <ClInclude Include="..\windowInterface\WindowsWindow.h">
      <Filter>windowInterface</Filter>
    </ClInclude>
    <ClInclude Include="..\RendererInterface\RendererInterface.h">
      <Filter>RendererInterface</Filter>
    </ClInclude>
    <ClInclude Include="..\RendererInterface\DirectXRenderer.h">
      <Filter>RendererInterface</Filter>
    </ClInclude>
    <ClInclude Include="..\RendererInterface\RendererFactory.h">
      <Filter>RendererInterface</Filter>
    </ClInclude>
    <ClInclude Include="..\RendererInterface\DirectX\AddFile\d3dx12.h">
      <Filter>RendererInterface\DirectX\AddFile</Filter>
    </ClInclude>
    <ClInclude Include="..\RendererInterface\DirectX\AddFile\d3dx12_barriers.h">
      <Filter>RendererInterface\DirectX\AddFile</Filter>
    </ClInclude>
    <ClInclude Include="..\RendererInterface\DirectX\AddFile\d3dx12_check_feature_support.h">
      <Filter>RendererInterface\DirectX\AddFile</Filter>
    </ClInclude>
    <ClInclude Include="..\RendererInterface\DirectX\AddFile\d3dx12_core.h">
      <Filter>RendererInterface\DirectX\AddFile</Filter>
    </ClInclude>
    <ClInclude Include="..\RendererInterface\DirectX\AddFile\d3dx12_default.h">
      <Filter>RendererInterface\DirectX\AddFile</Filter>
    </ClInclude>
    <ClInclude Include="..\RendererInterface\DirectX\AddFile\d3dx12_pipeline_state_stream.h">
      <Filter>RendererInterface\DirectX\AddFile</Filter>
    </ClInclude>
    <ClInclude Include="..\RendererInterface\DirectX\AddFile\d3dx12_property_format_table.h">
      <Filter>RendererInterface\DirectX\AddFile</Filter>
    </ClInclude>
    <ClInclude Include="..\RendererInterface\DirectX\AddFile\d3dx12_render_pass.h">
      <Filter>RendererInterface\DirectX\AddFile</Filter>
    </ClInclude>
    <ClInclude Include="..\RendererInterface\DirectX\AddFile\d3dx12_resource_helpers.h">
      <Filter>RendererInterface\DirectX\AddFile</Filter>
    </ClInclude>
    <ClInclude Include="..\RendererInterface\DirectX\AddFile\d3dx12_root_signature.h">
      <Filter>RendererInterface\DirectX\AddFile</Filter>
    </ClInclude>
    <ClInclude Include="..\RendererInterface\DirectX\AddFile\d3dx12_state_object.h">
      <Filter>RendererInterface\DirectX\AddFile</Filter>
    </ClInclude>
    <ClInclude Include="..\RendererInterface\DirectX\DirectXobject\CommandAllocator.h">
      <Filter>RendererInterface\DirectX\DirectXobject</Filter>
    </ClInclude>
    <ClInclude Include="..\RendererInterface\DirectX\DirectXobject\GraphicsCommandList.h">
      <Filter>RendererInterface\DirectX\DirectXobject</Filter>
    </ClInclude>
    <ClInclude Include="..\RendererInterface\DirectX\DirectXobject\CommandQueue.h">
      <Filter>RendererInterface\DirectX\DirectXobject</Filter>
    </ClInclude>
    <ClInclude Include="..\RendererInterface\DirectX\DirectXobject\DescriptorHeap.h">
      <Filter>RendererInterface\DirectX\DirectXobject</Filter>
    </ClInclude>
    <ClInclude Include="..\RendererInterface\DirectX\DirectXobject\Device.h">
      <Filter>RendererInterface\DirectX\DirectXobject</Filter>
    </ClInclude>
    <ClInclude Include="..\RendererInterface\DirectX\DirectXobject\DXGI.h">
      <Filter>RendererInterface\DirectX\DirectXobject</Filter>
    </ClInclude>
    <ClInclude Include="..\RendererInterface\DirectX\DirectXobject\Fence.h">
      <Filter>RendererInterface\DirectX\DirectXobject</Filter>
    </ClInclude>
    <ClInclude Include="..\RendererInterface\DirectX\DirectXobject\RenderTarget.h">
      <Filter>RendererInterface\DirectX\DirectXobject</Filter>
    </ClInclude>
    <ClInclude Include="..\RendererInterface\DirectX\DirectXobject\SwapChain.h">
      <Filter>RendererInterface\DirectX\DirectXobject</Filter>
    </ClInclude>
    <ClInclude Include="..\RendererInterface\DirectX\FrameResource.h">
      <Filter>RendererInterface\DirectX</Filter>
    </ClInclude>
    <ClInclude Include="..\RendererInterface\DirectX\DirectXobject\ShaderCompiler.h">
      <Filter>RendererInterface\DirectX\DirectXobject</Filter>
    </ClInclude>
    <ClInclude Include="..\RendererInterface\DirectX\DirectXobject\RootSignature.h">
      <Filter>RendererInterface\DirectX\DirectXobject</Filter>
    </ClInclude>
    <ClInclude Include="..\RendererInterface\DirectX\DirectXobject\PiplineState.h">
      <Filter>RendererInterface\DirectX\DirectXobject</Filter>
    </ClInclude>
    <ClInclude Include="..\RendererInterface\DirectX\HashAllocator.h">
      <Filter>RendererInterface\DirectX</Filter>
    </ClInclude>
    <ClInclude Include="..\RendererInterface\DirectX\DirectXobject\Mesh.h">
      <Filter>RendererInterface\DirectX\DirectXobject</Filter>
    </ClInclude>
    <ClInclude Include="..\RendererInterface\DirectX\Container\StaticHeapContainer.h">
      <Filter>RendererInterface\DirectX\Container</Filter>
    </ClInclude>
    <ClInclude Include="..\RendererInterface\DirectX\Container\StaticPiplineStateContainer.h">
      <Filter>RendererInterface\DirectX\Container</Filter>
    </ClInclude>
    <ClInclude Include="..\RendererInterface\DirectX\Container\StaticRootSignatureContainer.h">
      <Filter>RendererInterface\DirectX\Container</Filter>
    </ClInclude>
    <ClInclude Include="..\RendererInterface\DirectX\Container\StaticShaderContainer.h">
      <Filter>RendererInterface\DirectX\Container</Filter>
    </ClInclude>
    <ClInclude Include="..\RendererInterface\DirectX\Factory&amp;Builder&amp;Helper\CommandObjectFactory.h">
      <Filter>RendererInterface\DirectX\Factory&amp;Builder&amp;Helper</Filter>
    </ClInclude>
    <ClInclude Include="..\RendererInterface\DirectX\Factory&amp;Builder&amp;Helper\FrameResourceFactory.h">
      <Filter>RendererInterface\DirectX\Factory&amp;Builder&amp;Helper</Filter>
    </ClInclude>
    <ClInclude Include="..\RendererInterface\DirectX\Factory&amp;Builder&amp;Helper\PiplineStateHelper.h">
      <Filter>RendererInterface\DirectX\Factory&amp;Builder&amp;Helper</Filter>
    </ClInclude>
    <ClInclude Include="..\RendererInterface\DirectX\Factory&amp;Builder&amp;Helper\ResourceBarrierHelper.h">
      <Filter>RendererInterface\DirectX\Factory&amp;Builder&amp;Helper</Filter>
    </ClInclude>
    <ClInclude Include="..\RendererInterface\DirectX\Factory&amp;Builder&amp;Helper\RootSignatureDescBuilder.h">
      <Filter>RendererInterface\DirectX\Factory&amp;Builder&amp;Helper</Filter>
    </ClInclude>
    <ClInclude Include="..\RendererInterface\DirectX\DrawState.h">
      <Filter>RendererInterface\DirectX</Filter>
    </ClInclude>
    <ClInclude Include="..\RendererInterface\DirectX\DrawRenderTargetState.h">
      <Filter>RendererInterface\DirectX</Filter>
    </ClInclude>
    <ClInclude Include="..\RendererInterface\DirectX\DirectXobject\TextureResouce.h">
      <Filter>RendererInterface\DirectX\DirectXobject</Filter>
    </ClInclude>
    <ClInclude Include="..\RendererInterface\DirectX\DrawResouces.h">
      <Filter>RendererInterface\DirectX</Filter>
    </ClInclude>
  </ItemGroup>
  <ItemGroup>
    <Text Include="..\windowInterface\WIndowInterface.Readme.txt">
      <Filter>windowInterface</Filter>
    </Text>
    <Text Include="..\RendererInterface\RendererInterface.Readme.txt">
      <Filter>RendererInterface</Filter>
    </Text>
    <Text Include="..\RendererInterface\DirectX\DirectX.Readme.txt">
      <Filter>RendererInterface\DirectX</Filter>
    </Text>
  </ItemGroup>
  <ItemGroup>
    <FxCompile Include="..\RendererInterface\HLSLshader\NormalVertexShader.hlsl">
      <Filter>RendererInterface\HLSLshader</Filter>
    </FxCompile>
    <FxCompile Include="..\RendererInterface\HLSLshader\NormalPixelShader.hlsl">
      <Filter>RendererInterface\HLSLshader</Filter>
    </FxCompile>
  </ItemGroup>
</Project>